
Microsoft Visual Studio Solution File, Format Version 12.00
# Visual Studio Version 16
VisualStudioVersion = 16.0.30709.132
MinimumVisualStudioVersion = 10.0.40219.1
Project("{FAE04EC0-301F-11D3-BF4B-00C04F79EFBC}") = "ConvertToolService", "ConvertToolService\ConvertToolService.csproj", "{A4BD96E2-9788-4601-9891-9D9944669CB9}"
EndProject
Project("{2150E333-8FDC-42A3-9474-1A3956D46DE8}") = "SolutionFiles", "SolutionFiles", "{2AC08BF9-7E8B-4D78-8E01-869D9E01B5A3}"
	ProjectSection(SolutionItems) = preProject
		ConvertTool.postman_collection.json = ConvertTool.postman_collection.json
		Readme.md = Readme.md
	EndProjectSection
EndProject
Project("{FAE04EC0-301F-11D3-BF4B-00C04F79EFBC}") = "ConvertToolServer", "ConvertToolServer\ConvertToolServer.csproj", "{92E897B5-0821-41C6-983C-B2808E9C1B5F}"
EndProject
Project("{FAE04EC0-301F-11D3-BF4B-00C04F79EFBC}") = "Controllers", "Controllers\Controllers.csproj", "{3BC02A42-252A-4839-A9DF-8A54722DF236}"
EndProject
Global
	GlobalSection(SolutionConfigurationPlatforms) = preSolution
		Debug|Any CPU = Debug|Any CPU
		Release|Any CPU = Release|Any CPU
	EndGlobalSection
	GlobalSection(ProjectConfigurationPlatforms) = postSolution
		{A4BD96E2-9788-4601-9891-9D9944669CB9}.Debug|Any CPU.ActiveCfg = Debug|Any CPU
		{A4BD96E2-9788-4601-9891-9D9944669CB9}.Debug|Any CPU.Build.0 = Debug|Any CPU
		{A4BD96E2-9788-4601-9891-9D9944669CB9}.Release|Any CPU.ActiveCfg = Release|Any CPU
		{A4BD96E2-9788-4601-9891-9D9944669CB9}.Release|Any CPU.Build.0 = Release|Any CPU
		{92E897B5-0821-41C6-983C-B2808E9C1B5F}.Debug|Any CPU.ActiveCfg = Debug|Any CPU
		{92E897B5-0821-41C6-983C-B2808E9C1B5F}.Debug|Any CPU.Build.0 = Debug|Any CPU
		{92E897B5-0821-41C6-983C-B2808E9C1B5F}.Release|Any CPU.ActiveCfg = Release|Any CPU
		{92E897B5-0821-41C6-983C-B2808E9C1B5F}.Release|Any CPU.Build.0 = Release|Any CPU
		{3BC02A42-252A-4839-A9DF-8A54722DF236}.Debug|Any CPU.ActiveCfg = Debug|Any CPU
		{3BC02A42-252A-4839-A9DF-8A54722DF236}.Debug|Any CPU.Build.0 = Debug|Any CPU
		{3BC02A42-252A-4839-A9DF-8A54722DF236}.Release|Any CPU.ActiveCfg = Release|Any CPU
		{3BC02A42-252A-4839-A9DF-8A54722DF236}.Release|Any CPU.Build.0 = Release|Any CPU
	EndGlobalSection
	GlobalSection(SolutionProperties) = preSolution
		HideSolutionNode = FALSE
	EndGlobalSection
	GlobalSection(ExtensibilityGlobals) = postSolution
		SolutionGuid = {DD3A91E2-8776-4DE7-B80A-D7804B2128F5}
	EndGlobalSection
EndGlobal
